
Microsoft Visual Studio Solution File, Format Version 12.00
# Visual Studio Version 17
VisualStudioVersion = 17.7.34031.279
MinimumVisualStudioVersion = 10.0.40219.1
Project("{2150E333-8FDC-42A3-9474-1A3956D46DE8}") = "src", "src", "{470C95DA-5871-4A78-BA22-973CA7EA116C}"
EndProject
Project("{2150E333-8FDC-42A3-9474-1A3956D46DE8}") = "Application", "Application", "{C8223FA9-7298-42CF-81D5-168B812679A1}"
EndProject
Project("{2150E333-8FDC-42A3-9474-1A3956D46DE8}") = "Presentation", "Presentation", "{6850312C-276B-464A-8C3C-1FD5EAC32F1A}"
EndProject
Project("{2150E333-8FDC-42A3-9474-1A3956D46DE8}") = "Domain", "Domain", "{D30B7EF9-72EC-4D42-A03A-A0CE18161CAC}"
EndProject
Project("{2150E333-8FDC-42A3-9474-1A3956D46DE8}") = "Infrastructure", "Infrastructure", "{1C36A6A0-C370-42A0-A091-A1DB8CDB26F9}"
EndProject
Project("{2150E333-8FDC-42A3-9474-1A3956D46DE8}") = "Persistence", "Persistence", "{06A2979A-1F74-425E-A71B-6962B8F5F566}"
EndProject
Project("{2150E333-8FDC-42A3-9474-1A3956D46DE8}") = "Api", "Api", "{3CCD6169-89E1-445F-A4EF-D8D92CC607A3}"
EndProject
Project("{9A19103F-16F7-4668-BE54-9A1E7A4F7556}") = "Api", "Api\Api.csproj", "{6BF6AACD-9BB3-4141-8B8A-BAC14E35D7E3}"
EndProject
Project("{9A19103F-16F7-4668-BE54-9A1E7A4F7556}") = "e-Commerce.Persistence", "e-Commerce.Persistence\e-Commerce.Persistence.csproj", "{FA955637-BC28-4369-9970-82DD057A3DEC}"
EndProject
Project("{9A19103F-16F7-4668-BE54-9A1E7A4F7556}") = "e-Commerce.Infrastructure", "e-Commerce.Infrastructure\e-Commerce.Infrastructure.csproj", "{EAB60489-6147-4F22-9859-B6799350573F}"
EndProject
Project("{9A19103F-16F7-4668-BE54-9A1E7A4F7556}") = "e_Commerce.Application", "e-Commerce.Application\e_Commerce.Application.csproj", "{432F576F-3A83-4359-805C-35587489D4EA}"
EndProject
Project("{9A19103F-16F7-4668-BE54-9A1E7A4F7556}") = "e-Commerce.Domain", "e-Commerce.Domain\e-Commerce.Domain.csproj", "{9268025A-D164-48FA-AB70-025DCEC992FF}"
EndProject
Global
	GlobalSection(SolutionConfigurationPlatforms) = preSolution
		Debug|Any CPU = Debug|Any CPU
		Release|Any CPU = Release|Any CPU
	EndGlobalSection
	GlobalSection(ProjectConfigurationPlatforms) = postSolution
		{6BF6AACD-9BB3-4141-8B8A-BAC14E35D7E3}.Debug|Any CPU.ActiveCfg = Debug|Any CPU
		{6BF6AACD-9BB3-4141-8B8A-BAC14E35D7E3}.Debug|Any CPU.Build.0 = Debug|Any CPU
		{6BF6AACD-9BB3-4141-8B8A-BAC14E35D7E3}.Release|Any CPU.ActiveCfg = Release|Any CPU
		{6BF6AACD-9BB3-4141-8B8A-BAC14E35D7E3}.Release|Any CPU.Build.0 = Release|Any CPU
		{FA955637-BC28-4369-9970-82DD057A3DEC}.Debug|Any CPU.ActiveCfg = Debug|Any CPU
		{FA955637-BC28-4369-9970-82DD057A3DEC}.Debug|Any CPU.Build.0 = Debug|Any CPU
		{FA955637-BC28-4369-9970-82DD057A3DEC}.Release|Any CPU.ActiveCfg = Release|Any CPU
		{FA955637-BC28-4369-9970-82DD057A3DEC}.Release|Any CPU.Build.0 = Release|Any CPU
		{EAB60489-6147-4F22-9859-B6799350573F}.Debug|Any CPU.ActiveCfg = Debug|Any CPU
		{EAB60489-6147-4F22-9859-B6799350573F}.Debug|Any CPU.Build.0 = Debug|Any CPU
		{EAB60489-6147-4F22-9859-B6799350573F}.Release|Any CPU.ActiveCfg = Release|Any CPU
		{EAB60489-6147-4F22-9859-B6799350573F}.Release|Any CPU.Build.0 = Release|Any CPU
		{432F576F-3A83-4359-805C-35587489D4EA}.Debug|Any CPU.ActiveCfg = Debug|Any CPU
		{432F576F-3A83-4359-805C-35587489D4EA}.Debug|Any CPU.Build.0 = Debug|Any CPU
		{432F576F-3A83-4359-805C-35587489D4EA}.Release|Any CPU.ActiveCfg = Release|Any CPU
		{432F576F-3A83-4359-805C-35587489D4EA}.Release|Any CPU.Build.0 = Release|Any CPU
		{9268025A-D164-48FA-AB70-025DCEC992FF}.Debug|Any CPU.ActiveCfg = Debug|Any CPU
		{9268025A-D164-48FA-AB70-025DCEC992FF}.Debug|Any CPU.Build.0 = Debug|Any CPU
		{9268025A-D164-48FA-AB70-025DCEC992FF}.Release|Any CPU.ActiveCfg = Release|Any CPU
		{9268025A-D164-48FA-AB70-025DCEC992FF}.Release|Any CPU.Build.0 = Release|Any CPU
	EndGlobalSection
	GlobalSection(SolutionProperties) = preSolution
		HideSolutionNode = FALSE
	EndGlobalSection
	GlobalSection(NestedProjects) = preSolution
		{C8223FA9-7298-42CF-81D5-168B812679A1} = {470C95DA-5871-4A78-BA22-973CA7EA116C}
		{6850312C-276B-464A-8C3C-1FD5EAC32F1A} = {470C95DA-5871-4A78-BA22-973CA7EA116C}
		{D30B7EF9-72EC-4D42-A03A-A0CE18161CAC} = {470C95DA-5871-4A78-BA22-973CA7EA116C}
		{1C36A6A0-C370-42A0-A091-A1DB8CDB26F9} = {470C95DA-5871-4A78-BA22-973CA7EA116C}
		{06A2979A-1F74-425E-A71B-6962B8F5F566} = {470C95DA-5871-4A78-BA22-973CA7EA116C}
		{3CCD6169-89E1-445F-A4EF-D8D92CC607A3} = {6850312C-276B-464A-8C3C-1FD5EAC32F1A}
		{6BF6AACD-9BB3-4141-8B8A-BAC14E35D7E3} = {3CCD6169-89E1-445F-A4EF-D8D92CC607A3}
		{FA955637-BC28-4369-9970-82DD057A3DEC} = {06A2979A-1F74-425E-A71B-6962B8F5F566}
		{EAB60489-6147-4F22-9859-B6799350573F} = {1C36A6A0-C370-42A0-A091-A1DB8CDB26F9}
		{432F576F-3A83-4359-805C-35587489D4EA} = {C8223FA9-7298-42CF-81D5-168B812679A1}
		{9268025A-D164-48FA-AB70-025DCEC992FF} = {D30B7EF9-72EC-4D42-A03A-A0CE18161CAC}
	EndGlobalSection
	GlobalSection(ExtensibilityGlobals) = postSolution
		SolutionGuid = {36D7169F-D0B1-45FE-B32D-DD50AD2BC755}
	EndGlobalSection
EndGlobal
